
Microsoft Visual Studio Solution File, Format Version 12.00
# Visual Studio Version 16
VisualStudioVersion = 16.0.31205.134
MinimumVisualStudioVersion = 10.0.40219.1
Project("{FAE04EC0-301F-11D3-BF4B-00C04F79EFBC}") = "WpfUpperComputer", "WpfUpperComputer\WpfUpperComputer.csproj", "{11355929-E8EA-43F4-A0DC-8B8888CB0384}"
EndProject
Project("{FAE04EC0-301F-11D3-BF4B-00C04F79EFBC}") = "WpfCustomControlLibrary", "WpfCustomControlLibrary\WpfCustomControlLibrary.csproj", "{050BAB1E-3094-4C6B-913A-934903F7187E}"
EndProject
Global
	GlobalSection(SolutionConfigurationPlatforms) = preSolution
		Debug|Any CPU = Debug|Any CPU
		Release|Any CPU = Release|Any CPU
	EndGlobalSection
	GlobalSection(ProjectConfigurationPlatforms) = postSolution
		{11355929-E8EA-43F4-A0DC-8B8888CB0384}.Debug|Any CPU.ActiveCfg = Debug|Any CPU
		{11355929-E8EA-43F4-A0DC-8B8888CB0384}.Debug|Any CPU.Build.0 = Debug|Any CPU
		{11355929-E8EA-43F4-A0DC-8B8888CB0384}.Release|Any CPU.ActiveCfg = Release|Any CPU
		{11355929-E8EA-43F4-A0DC-8B8888CB0384}.Release|Any CPU.Build.0 = Release|Any CPU
		{050BAB1E-3094-4C6B-913A-934903F7187E}.Debug|Any CPU.ActiveCfg = Debug|Any CPU
		{050BAB1E-3094-4C6B-913A-934903F7187E}.Debug|Any CPU.Build.0 = Debug|Any CPU
		{050BAB1E-3094-4C6B-913A-934903F7187E}.Release|Any CPU.ActiveCfg = Release|Any CPU
		{050BAB1E-3094-4C6B-913A-934903F7187E}.Release|Any CPU.Build.0 = Release|Any CPU
	EndGlobalSection
	GlobalSection(SolutionProperties) = preSolution
		HideSolutionNode = FALSE
	EndGlobalSection
	GlobalSection(ExtensibilityGlobals) = postSolution
		SolutionGuid = {B270F560-E8C1-46B2-8844-614B9A839D95}
	EndGlobalSection
EndGlobal
